[main]
requirements = ["PyYAML==6.0.1", "cfgv==3.4.0", "distlib==0.3.8", "filelock==3.13.1", "identify==2.5.33", "mypy-extensions==1.0.0", "mypy==1.8.0", "nodeenv==1.8.0", "platformdirs==4.2.0", "pre-commit==3.5.0", "px-utils==1.1.0", "ruff==0.1.15", "tomli==2.0.1", "typing_extensions==4.9.0", "virtualenv==20.25.0"]
hash = "f889fe485d8f6c583eb6b0a249d94321"
post-install = "pre-commit install"
