[main]
requirements = ["PyYAML==6.0.1", "black==24.1.1", "cfgv==3.4.0", "click==8.1.7", "distlib==0.3.8", "filelock==3.13.1", "identify==2.5.33", "isort==5.13.2", "mypy-extensions==1.0.0", "mypy==1.8.0", "nodeenv==1.8.0", "packaging==23.2", "pathspec==0.12.1", "platformdirs==4.2.0", "pre-commit==3.5.0", "px-utils==1.1.0", "tomli==2.0.1", "typing_extensions==4.9.0", "virtualenv==20.25.0"]
hash = "bf86ca36fcf5480107d6cc4776495574"
post-install = "pre-commit install"
